
Microsoft Visual Studio Solution File, Format Version 12.00
# Visual Studio Version 17
VisualStudioVersion = 17.11.35222.181
MinimumVisualStudioVersion = 10.0.40219.1
Project("{FAE04EC0-301F-11D3-BF4B-00C04F79EFBC}") = "laboratory_work_1", "laboratory_work_1\laboratory_work_1.csproj", "{81B79D4D-DD8A-4DFA-AFFA-903BA1B2DCE0}"
EndProject
Project("{9A19103F-16F7-4668-BE54-9A1E7A4F7556}") = "test_laboratory_work_1", "test_laboratory_work_1\test_laboratory_work_1.csproj", "{31DFA523-4BBE-4E92-9FCC-6BD8797B06CE}"
EndProject
Project("{FAE04EC0-301F-11D3-BF4B-00C04F79EFBC}") = "laboratory_work_2", "laboratory_work_2\laboratory_work_2.csproj", "{68E231E9-76AF-4947-9DE0-E13066EEC294}"
EndProject
Project("{FAE04EC0-301F-11D3-BF4B-00C04F79EFBC}") = "laboratory_work_3", "laboratory_work_3\laboratory_work_3.csproj", "{A4375162-FB13-403E-9B10-EF0E6E6BF77E}"
EndProject
Project("{FAE04EC0-301F-11D3-BF4B-00C04F79EFBC}") = "laboratory_work_4", "laboratory_work_4\laboratory_work_4.csproj", "{02DF8714-BC53-44BD-A916-49B5CA999402}"
EndProject
Project("{FAE04EC0-301F-11D3-BF4B-00C04F79EFBC}") = "laboratory_work_5", "laboratory_work_5\laboratory_work_5.csproj", "{AC3CB0ED-6188-45D0-BA67-8F5B200B635E}"
EndProject
Project("{FAE04EC0-301F-11D3-BF4B-00C04F79EFBC}") = "laboratory_work_6", "laboratory_work_6\laboratory_work_6.csproj", "{4DC1CDDF-B80E-4694-B144-EF4544306084}"
EndProject
Project("{FAE04EC0-301F-11D3-BF4B-00C04F79EFBC}") = "laboratory_work_7", "laboratory_work_7\laboratory_work_7.csproj", "{55606926-659E-4C72-8EDE-57F33EC854B6}"
EndProject
Project("{FAE04EC0-301F-11D3-BF4B-00C04F79EFBC}") = "class_library_laboratory_work_7", "class_library_laboratory_work_7\class_library_laboratory_work_7.csproj", "{2A5C88F1-210B-4F6E-9DC2-75B3A7F0E79F}"
EndProject
Project("{FAE04EC0-301F-11D3-BF4B-00C04F79EFBC}") = "laboratory_work_8", "laboratory_work_8\laboratory_work_8.csproj", "{2FD199DE-6B06-453A-AFFE-BA85F860CA25}"
	ProjectSection(ProjectDependencies) = postProject
		{2A5C88F1-210B-4F6E-9DC2-75B3A7F0E79F} = {2A5C88F1-210B-4F6E-9DC2-75B3A7F0E79F}
	EndProjectSection
EndProject
Project("{FAE04EC0-301F-11D3-BF4B-00C04F79EFBC}") = "laboratory_work_9_part_1", "laboratory_work_9_part_1\laboratory_work_9_part_1.csproj", "{12F0C2C8-70CF-47C5-A462-E282A5F5CEF9}"
EndProject
Project("{FAE04EC0-301F-11D3-BF4B-00C04F79EFBC}") = "laboratory_work_10", "laboratory_work_10\laboratory_work_10.csproj", "{8F031E7C-374E-4336-97A3-7C95CC9C67CD}"
EndProject
Project("{FAE04EC0-301F-11D3-BF4B-00C04F79EFBC}") = "laboratory_work_11_part_1", "laboratory_work_11_part_1\laboratory_work_11_part_1.csproj", "{E13F67B9-A5CA-4A58-BBB3-54221EBBB090}"
EndProject
Project("{FAE04EC0-301F-11D3-BF4B-00C04F79EFBC}") = "laboratory_work_11_part_2_WebAPI", "laboratory_work_11_part_2_WebAPI\laboratory_work_11_part_2_WebAPI.csproj", "{0CD54836-3D31-4BA4-B50E-A54C274C3577}"
EndProject
Project("{FAE04EC0-301F-11D3-BF4B-00C04F79EFBC}") = "laboratory_work_11_part_2_WebAPI_Client", "laboratory_work_11_part_2_WebAPI_Client\laboratory_work_11_part_2_WebAPI_Client.csproj", "{13782BA1-E62A-4726-A40E-212DAF592AE1}"
EndProject
Project("{FAE04EC0-301F-11D3-BF4B-00C04F79EFBC}") = "laboratory_work_12", "laboratory_work_12\laboratory_work_12.csproj", "{E3CF6230-74F4-4F08-9173-1BF2CF84C5DF}"
EndProject
Global
	GlobalSection(SolutionConfigurationPlatforms) = preSolution
		Debug|Any CPU = Debug|Any CPU
		Release|Any CPU = Release|Any CPU
	EndGlobalSection
	GlobalSection(ProjectConfigurationPlatforms) = postSolution
		{81B79D4D-DD8A-4DFA-AFFA-903BA1B2DCE0}.Debug|Any CPU.ActiveCfg = Debug|Any CPU
		{81B79D4D-DD8A-4DFA-AFFA-903BA1B2DCE0}.Debug|Any CPU.Build.0 = Debug|Any CPU
		{81B79D4D-DD8A-4DFA-AFFA-903BA1B2DCE0}.Release|Any CPU.ActiveCfg = Release|Any CPU
		{81B79D4D-DD8A-4DFA-AFFA-903BA1B2DCE0}.Release|Any CPU.Build.0 = Release|Any CPU
		{31DFA523-4BBE-4E92-9FCC-6BD8797B06CE}.Debug|Any CPU.ActiveCfg = Debug|Any CPU
		{31DFA523-4BBE-4E92-9FCC-6BD8797B06CE}.Debug|Any CPU.Build.0 = Debug|Any CPU
		{31DFA523-4BBE-4E92-9FCC-6BD8797B06CE}.Release|Any CPU.ActiveCfg = Release|Any CPU
		{31DFA523-4BBE-4E92-9FCC-6BD8797B06CE}.Release|Any CPU.Build.0 = Release|Any CPU
		{68E231E9-76AF-4947-9DE0-E13066EEC294}.Debug|Any CPU.ActiveCfg = Debug|Any CPU
		{68E231E9-76AF-4947-9DE0-E13066EEC294}.Debug|Any CPU.Build.0 = Debug|Any CPU
		{68E231E9-76AF-4947-9DE0-E13066EEC294}.Release|Any CPU.ActiveCfg = Release|Any CPU
		{68E231E9-76AF-4947-9DE0-E13066EEC294}.Release|Any CPU.Build.0 = Release|Any CPU
		{A4375162-FB13-403E-9B10-EF0E6E6BF77E}.Debug|Any CPU.ActiveCfg = Debug|Any CPU
		{A4375162-FB13-403E-9B10-EF0E6E6BF77E}.Debug|Any CPU.Build.0 = Debug|Any CPU
		{A4375162-FB13-403E-9B10-EF0E6E6BF77E}.Release|Any CPU.ActiveCfg = Release|Any CPU
		{A4375162-FB13-403E-9B10-EF0E6E6BF77E}.Release|Any CPU.Build.0 = Release|Any CPU
		{02DF8714-BC53-44BD-A916-49B5CA999402}.Debug|Any CPU.ActiveCfg = Debug|Any CPU
		{02DF8714-BC53-44BD-A916-49B5CA999402}.Debug|Any CPU.Build.0 = Debug|Any CPU
		{02DF8714-BC53-44BD-A916-49B5CA999402}.Release|Any CPU.ActiveCfg = Release|Any CPU
		{02DF8714-BC53-44BD-A916-49B5CA999402}.Release|Any CPU.Build.0 = Release|Any CPU
		{AC3CB0ED-6188-45D0-BA67-8F5B200B635E}.Debug|Any CPU.ActiveCfg = Debug|Any CPU
		{AC3CB0ED-6188-45D0-BA67-8F5B200B635E}.Debug|Any CPU.Build.0 = Debug|Any CPU
		{AC3CB0ED-6188-45D0-BA67-8F5B200B635E}.Release|Any CPU.ActiveCfg = Release|Any CPU
		{AC3CB0ED-6188-45D0-BA67-8F5B200B635E}.Release|Any CPU.Build.0 = Release|Any CPU
		{4DC1CDDF-B80E-4694-B144-EF4544306084}.Debug|Any CPU.ActiveCfg = Debug|Any CPU
		{4DC1CDDF-B80E-4694-B144-EF4544306084}.Debug|Any CPU.Build.0 = Debug|Any CPU
		{4DC1CDDF-B80E-4694-B144-EF4544306084}.Release|Any CPU.ActiveCfg = Release|Any CPU
		{4DC1CDDF-B80E-4694-B144-EF4544306084}.Release|Any CPU.Build.0 = Release|Any CPU
		{55606926-659E-4C72-8EDE-57F33EC854B6}.Debug|Any CPU.ActiveCfg = Debug|Any CPU
		{55606926-659E-4C72-8EDE-57F33EC854B6}.Debug|Any CPU.Build.0 = Debug|Any CPU
		{55606926-659E-4C72-8EDE-57F33EC854B6}.Release|Any CPU.ActiveCfg = Release|Any CPU
		{55606926-659E-4C72-8EDE-57F33EC854B6}.Release|Any CPU.Build.0 = Release|Any CPU
		{2A5C88F1-210B-4F6E-9DC2-75B3A7F0E79F}.Debug|Any CPU.ActiveCfg = Debug|Any CPU
		{2A5C88F1-210B-4F6E-9DC2-75B3A7F0E79F}.Debug|Any CPU.Build.0 = Debug|Any CPU
		{2A5C88F1-210B-4F6E-9DC2-75B3A7F0E79F}.Release|Any CPU.ActiveCfg = Release|Any CPU
		{2A5C88F1-210B-4F6E-9DC2-75B3A7F0E79F}.Release|Any CPU.Build.0 = Release|Any CPU
		{2FD199DE-6B06-453A-AFFE-BA85F860CA25}.Debug|Any CPU.ActiveCfg = Debug|Any CPU
		{2FD199DE-6B06-453A-AFFE-BA85F860CA25}.Debug|Any CPU.Build.0 = Debug|Any CPU
		{2FD199DE-6B06-453A-AFFE-BA85F860CA25}.Release|Any CPU.ActiveCfg = Release|Any CPU
		{2FD199DE-6B06-453A-AFFE-BA85F860CA25}.Release|Any CPU.Build.0 = Release|Any CPU
		{12F0C2C8-70CF-47C5-A462-E282A5F5CEF9}.Debug|Any CPU.ActiveCfg = Debug|Any CPU
		{12F0C2C8-70CF-47C5-A462-E282A5F5CEF9}.Debug|Any CPU.Build.0 = Debug|Any CPU
		{12F0C2C8-70CF-47C5-A462-E282A5F5CEF9}.Release|Any CPU.ActiveCfg = Release|Any CPU
		{12F0C2C8-70CF-47C5-A462-E282A5F5CEF9}.Release|Any CPU.Build.0 = Release|Any CPU
		{8F031E7C-374E-4336-97A3-7C95CC9C67CD}.Debug|Any CPU.ActiveCfg = Debug|Any CPU
		{8F031E7C-374E-4336-97A3-7C95CC9C67CD}.Debug|Any CPU.Build.0 = Debug|Any CPU
		{8F031E7C-374E-4336-97A3-7C95CC9C67CD}.Release|Any CPU.ActiveCfg = Release|Any CPU
		{8F031E7C-374E-4336-97A3-7C95CC9C67CD}.Release|Any CPU.Build.0 = Release|Any CPU
		{E13F67B9-A5CA-4A58-BBB3-54221EBBB090}.Debug|Any CPU.ActiveCfg = Debug|Any CPU
		{E13F67B9-A5CA-4A58-BBB3-54221EBBB090}.Debug|Any CPU.Build.0 = Debug|Any CPU
		{E13F67B9-A5CA-4A58-BBB3-54221EBBB090}.Release|Any CPU.ActiveCfg = Release|Any CPU
		{E13F67B9-A5CA-4A58-BBB3-54221EBBB090}.Release|Any CPU.Build.0 = Release|Any CPU
		{0CD54836-3D31-4BA4-B50E-A54C274C3577}.Debug|Any CPU.ActiveCfg = Debug|Any CPU
		{0CD54836-3D31-4BA4-B50E-A54C274C3577}.Debug|Any CPU.Build.0 = Debug|Any CPU
		{0CD54836-3D31-4BA4-B50E-A54C274C3577}.Release|Any CPU.ActiveCfg = Release|Any CPU
		{0CD54836-3D31-4BA4-B50E-A54C274C3577}.Release|Any CPU.Build.0 = Release|Any CPU
		{13782BA1-E62A-4726-A40E-212DAF592AE1}.Debug|Any CPU.ActiveCfg = Debug|Any CPU
		{13782BA1-E62A-4726-A40E-212DAF592AE1}.Debug|Any CPU.Build.0 = Debug|Any CPU
		{13782BA1-E62A-4726-A40E-212DAF592AE1}.Release|Any CPU.ActiveCfg = Release|Any CPU
		{13782BA1-E62A-4726-A40E-212DAF592AE1}.Release|Any CPU.Build.0 = Release|Any CPU
		{E3CF6230-74F4-4F08-9173-1BF2CF84C5DF}.Debug|Any CPU.ActiveCfg = Debug|Any CPU
		{E3CF6230-74F4-4F08-9173-1BF2CF84C5DF}.Debug|Any CPU.Build.0 = Debug|Any CPU
		{E3CF6230-74F4-4F08-9173-1BF2CF84C5DF}.Release|Any CPU.ActiveCfg = Release|Any CPU
		{E3CF6230-74F4-4F08-9173-1BF2CF84C5DF}.Release|Any CPU.Build.0 = Release|Any CPU
	EndGlobalSection
	GlobalSection(SolutionProperties) = preSolution
		HideSolutionNode = FALSE
	EndGlobalSection
	GlobalSection(ExtensibilityGlobals) = postSolution
		SolutionGuid = {4D34DF42-B45D-48E7-AE60-92ECCE22AD4D}
	EndGlobalSection
EndGlobal
